// !$*UTF8*$!
{
	archiveVersion = 1;
	classes = {
	};
	objectVersion = 51;
	objects = {

/* Begin PBXBuildFile section */
		302CA3812511CF58001A79E7 /* ViewReceitt.swift in Sources */ = {isa = PBXBuildFile; fileRef = 302CA3802511CF58001A79E7 /* ViewReceitt.swift */; };
		302CA3832511CFB1001A79E7 /* AllStepsTableViewCell.swift in Sources */ = {isa = PBXBuildFile; fileRef = 302CA3822511CFB1001A79E7 /* AllStepsTableViewCell.swift */; };
		3039114D24F6170900BD6453 /* TextInputTableViewCell.swift in Sources */ = {isa = PBXBuildFile; fileRef = 3039114C24F6170900BD6453 /* TextInputTableViewCell.swift */; };
		304E79E3250332740080D740 /* RecipeTitleTableViewCell.swift in Sources */ = {isa = PBXBuildFile; fileRef = 304E79E2250332740080D740 /* RecipeTitleTableViewCell.swift */; };
		307D2ECF2530BFD100C29262 /* viewReceipeStepsViewController.swift in Sources */ = {isa = PBXBuildFile; fileRef = 307D2ECE2530BFD100C29262 /* viewReceipeStepsViewController.swift */; };
		307D6E6224FC9D1600DFF01E /* RecipesStepsViewController.swift in Sources */ = {isa = PBXBuildFile; fileRef = 307D6E6124FC9D1600DFF01E /* RecipesStepsViewController.swift */; };
		30F4469724F53C49008580C8 /* AppDelegate.swift in Sources */ = {isa = PBXBuildFile; fileRef = 30F4469624F53C49008580C8 /* AppDelegate.swift */; };
		30F4469924F53C49008580C8 /* SceneDelegate.swift in Sources */ = {isa = PBXBuildFile; fileRef = 30F4469824F53C49008580C8 /* SceneDelegate.swift */; };
		30F4469B24F53C49008580C8 /* ViewController.swift in Sources */ = {isa = PBXBuildFile; fileRef = 30F4469A24F53C49008580C8 /* ViewController.swift */; };
		30F4469E24F53C49008580C8 /* Main.storyboard in Resources */ = {isa = PBXBuildFile; fileRef = 30F4469C24F53C49008580C8 /* Main.storyboard */; };
		30F446A124F53C49008580C8 /* Recipes_App.xcdatamodeld in Sources */ = {isa = PBXBuildFile; fileRef = 30F4469F24F53C49008580C8 /* Recipes_App.xcdatamodeld */; };
		30F446A324F53C4C008580C8 /* Assets.xcassets in Resources */ = {isa = PBXBuildFile; fileRef = 30F446A224F53C4C008580C8 /* Assets.xcassets */; };
		30F446A624F53C4C008580C8 /* LaunchScreen.storyboard in Resources */ = {isa = PBXBuildFile; fileRef = 30F446A424F53C4C008580C8 /* LaunchScreen.storyboard */; };
		30F446B124F53C4C008580C8 /* Recipes_AppTests.swift in Sources */ = {isa = PBXBuildFile; fileRef = 30F446B024F53C4C008580C8 /* Recipes_AppTests.swift */; };
		419CBF0124BBF8B0946D6F19 /* Pods_Recipes_AppTests.framework in Frameworks */ = {isa = PBXBuildFile; fileRef = B0EE59355BE50B6DEAC58CB4 /* Pods_Recipes_AppTests.framework */; };
		99A1BE263960955FE4892F0E /* Pods_Recipes_App.framework in Frameworks */ = {isa = PBXBuildFile; fileRef = 7BB8E48DE7D004522B21D097 /* Pods_Recipes_App.framework */; };
/* End PBXBuildFile section */

/* Begin PBXContainerItemProxy section */
		30F446AD24F53C4C008580C8 /* PBXContainerItemProxy */ = {
			isa = PBXContainerItemProxy;
			containerPortal = 30F4468B24F53C49008580C8 /* Project object */;
			proxyType = 1;
			remoteGlobalIDString = 30F4469224F53C49008580C8;
			remoteInfo = "Recipes-App";
		};
/* End PBXContainerItemProxy section */

/* Begin PBXFileReference section */
		033B3AAC19029AA91A6CF625 /* Pods-Recipes-AppTests.debug.xcconfig */ = {isa = PBXFileReference; includeInIndex = 1; lastKnownFileType = text.xcconfig; name = "Pods-Recipes-AppTests.debug.xcconfig"; path = "Target Support Files/Pods-Recipes-AppTests/Pods-Recipes-AppTests.debug.xcconfig"; sourceTree = "<group>"; };
		0E5AFA38740E0314C51C91D6 /* Pods-Recipes-App.release.xcconfig */ = {isa = PBXFileReference; includeInIndex = 1; lastKnownFileType = text.xcconfig; name = "Pods-Recipes-App.release.xcconfig"; path = "Target Support Files/Pods-Recipes-App/Pods-Recipes-App.release.xcconfig"; sourceTree = "<group>"; };
		0F69D6467F02AF0EF59F0CEE /* Pods-Recipes-AppTests.release.xcconfig */ = {isa = PBXFileReference; includeInIndex = 1; lastKnownFileType = text.xcconfig; name = "Pods-Recipes-AppTests.release.xcconfig"; path = "Target Support Files/Pods-Recipes-AppTests/Pods-Recipes-AppTests.release.xcconfig"; sourceTree = "<group>"; };
		302CA3802511CF58001A79E7 /* ViewReceitt.swift */ = {isa = PBXFileReference; lastKnownFileType = sourcecode.swift; path = ViewReceitt.swift; sourceTree = "<group>"; };
		302CA3822511CFB1001A79E7 /* AllStepsTableViewCell.swift */ = {isa = PBXFileReference; lastKnownFileType = sourcecode.swift; path = AllStepsTableViewCell.swift; sourceTree = "<group>"; };
		3039114C24F6170900BD6453 /* TextInputTableViewCell.swift */ = {isa = PBXFileReference; lastKnownFileType = sourcecode.swift; path = TextInputTableViewCell.swift; sourceTree = "<group>"; };
		304E79E2250332740080D740 /* RecipeTitleTableViewCell.swift */ = {isa = PBXFileReference; lastKnownFileType = sourcecode.swift; path = RecipeTitleTableViewCell.swift; sourceTree = "<group>"; };
		307D2ECE2530BFD100C29262 /* viewReceipeStepsViewController.swift */ = {isa = PBXFileReference; lastKnownFileType = sourcecode.swift; path = viewReceipeStepsViewController.swift; sourceTree = "<group>"; };
		307D6E6124FC9D1600DFF01E /* RecipesStepsViewController.swift */ = {isa = PBXFileReference; lastKnownFileType = sourcecode.swift; path = RecipesStepsViewController.swift; sourceTree = "<group>"; };
		30F4469324F53C49008580C8 /* Recipes-App.app */ = {isa = PBXFileReference; explicitFileType = wrapper.application; includeInIndex = 0; path = "Recipes-App.app"; sourceTree = BUILT_PRODUCTS_DIR; };
		30F4469624F53C49008580C8 /* AppDelegate.swift */ = {isa = PBXFileReference; lastKnownFileType = sourcecode.swift; path = AppDelegate.swift; sourceTree = "<group>"; };
		30F4469824F53C49008580C8 /* SceneDelegate.swift */ = {isa = PBXFileReference; lastKnownFileType = sourcecode.swift; path = SceneDelegate.swift; sourceTree = "<group>"; };
		30F4469A24F53C49008580C8 /* ViewController.swift */ = {isa = PBXFileReference; lastKnownFileType = sourcecode.swift; path = ViewController.swift; sourceTree = "<group>"; };
		30F4469D24F53C49008580C8 /* Base */ = {isa = PBXFileReference; lastKnownFileType = file.storyboard; name = Base; path = Base.lproj/Main.storyboard; sourceTree = "<group>"; };
		30F446A024F53C49008580C8 /* Recipes_App.xcdatamodel */ = {isa = PBXFileReference; lastKnownFileType = wrapper.xcdatamodel; path = Recipes_App.xcdatamodel; sourceTree = "<group>"; };
		30F446A224F53C4C008580C8 /* Assets.xcassets */ = {isa = PBXFileReference; lastKnownFileType = folder.assetcatalog; path = Assets.xcassets; sourceTree = "<group>"; };
		30F446A524F53C4C008580C8 /* Base */ = {isa = PBXFileReference; lastKnownFileType = file.storyboard; name = Base; path = Base.lproj/LaunchScreen.storyboard; sourceTree = "<group>"; };
		30F446A724F53C4C008580C8 /* Info.plist */ = {isa = PBXFileReference; lastKnownFileType = text.plist.xml; path = Info.plist; sourceTree = "<group>"; };
		30F446AC24F53C4C008580C8 /* Recipes-AppTests.xctest */ = {isa = PBXFileReference; explicitFileType = wrapper.cfbundle; includeInIndex = 0; path = "Recipes-AppTests.xctest"; sourceTree = BUILT_PRODUCTS_DIR; };
		30F446B024F53C4C008580C8 /* Recipes_AppTests.swift */ = {isa = PBXFileReference; lastKnownFileType = sourcecode.swift; path = Recipes_AppTests.swift; sourceTree = "<group>"; };
		30F446B224F53C4C008580C8 /* Info.plist */ = {isa = PBXFileReference; lastKnownFileType = text.plist.xml; path = Info.plist; sourceTree = "<group>"; };
		73CE83F547F4763803E81745 /* Pods-Recipes-App.debug.xcconfig */ = {isa = PBXFileReference; includeInIndex = 1; lastKnownFileType = text.xcconfig; name = "Pods-Recipes-App.debug.xcconfig"; path = "Target Support Files/Pods-Recipes-App/Pods-Recipes-App.debug.xcconfig"; sourceTree = "<group>"; };
		7BB8E48DE7D004522B21D097 /* Pods_Recipes_App.framework */ = {isa = PBXFileReference; explicitFileType = wrapper.framework; includeInIndex = 0; path = Pods_Recipes_App.framework; sourceTree = BUILT_PRODUCTS_DIR; };
		B0EE59355BE50B6DEAC58CB4 /* Pods_Recipes_AppTests.framework */ = {isa = PBXFileReference; explicitFileType = wrapper.framework; includeInIndex = 0; path = Pods_Recipes_AppTests.framework; sourceTree = BUILT_PRODUCTS_DIR; };
/* End PBXFileReference section */

/* Begin PBXFrameworksBuildPhase section */
		30F4469024F53C49008580C8 /* Frameworks */ = {
			isa = PBXFrameworksBuildPhase;
			buildActionMask = 2147483647;
			files = (
				99A1BE263960955FE4892F0E /* Pods_Recipes_App.framework in Frameworks */,
			);
			runOnlyForDeploymentPostprocessing = 0;
		};
		30F446A924F53C4C008580C8 /* Frameworks */ = {
			isa = PBXFrameworksBuildPhase;
			buildActionMask = 2147483647;
			files = (
				419CBF0124BBF8B0946D6F19 /* Pods_Recipes_AppTests.framework in Frameworks */,
			);
			runOnlyForDeploymentPostprocessing = 0;
		};
/* End PBXFrameworksBuildPhase section */

/* Begin PBXGroup section */
		306BBA782526D34300F64589 /* Cell */ = {
			isa = PBXGroup;
			children = (
				304E79E2250332740080D740 /* RecipeTitleTableViewCell.swift */,
			);
			path = Cell;
			sourceTree = "<group>";
		};
		30F4468A24F53C49008580C8 = {
			isa = PBXGroup;
			children = (
				30F4469524F53C49008580C8 /* Recipes-App */,
				30F446AF24F53C4C008580C8 /* Recipes-AppTests */,
				30F4469424F53C49008580C8 /* Products */,
				B3B4222CEABD88E2245F3DC1 /* Pods */,
				A065405F1D11626FAD79314C /* Frameworks */,
			);
			sourceTree = "<group>";
		};
		30F4469424F53C49008580C8 /* Products */ = {
			isa = PBXGroup;
			children = (
				30F4469324F53C49008580C8 /* Recipes-App.app */,
				30F446AC24F53C4C008580C8 /* Recipes-AppTests.xctest */,
			);
			name = Products;
			sourceTree = "<group>";
		};
		30F4469524F53C49008580C8 /* Recipes-App */ = {
			isa = PBXGroup;
			children = (
				30F4469624F53C49008580C8 /* AppDelegate.swift */,
				30F4469824F53C49008580C8 /* SceneDelegate.swift */,
				68240B032526D06D00A90531 /* Home */,
				68240B042526D08D00A90531 /* Receipe Steps */,
				68240B052526D09500A90531 /* View Receipe Wteps */,
				30F4469C24F53C49008580C8 /* Main.storyboard */,
				30F446A224F53C4C008580C8 /* Assets.xcassets */,
				30F446A424F53C4C008580C8 /* LaunchScreen.storyboard */,
				30F446A724F53C4C008580C8 /* Info.plist */,
				30F4469F24F53C49008580C8 /* Recipes_App.xcdatamodeld */,
			);
			path = "Recipes-App";
			sourceTree = "<group>";
		};
		30F446AF24F53C4C008580C8 /* Recipes-AppTests */ = {
			isa = PBXGroup;
			children = (
				30F446B024F53C4C008580C8 /* Recipes_AppTests.swift */,
				30F446B224F53C4C008580C8 /* Info.plist */,
			);
			path = "Recipes-AppTests";
			sourceTree = "<group>";
		};
		68240B032526D06D00A90531 /* Home */ = {
			isa = PBXGroup;
			children = (
				306BBA782526D34300F64589 /* Cell */,
				30F4469A24F53C49008580C8 /* ViewController.swift */,
			);
			path = Home;
			sourceTree = "<group>";
		};
		68240B042526D08D00A90531 /* Receipe Steps */ = {
			isa = PBXGroup;
			children = (
				3039114C24F6170900BD6453 /* TextInputTableViewCell.swift */,
				307D6E6124FC9D1600DFF01E /* RecipesStepsViewController.swift */,
			);
			path = "Receipe Steps";
			sourceTree = "<group>";
		};
		68240B052526D09500A90531 /* View Receipe Wteps */ = {
			isa = PBXGroup;
			children = (
				302CA3822511CFB1001A79E7 /* AllStepsTableViewCell.swift */,
				302CA3802511CF58001A79E7 /* ViewReceitt.swift */,
				307D2ECE2530BFD100C29262 /* viewReceipeStepsViewController.swift */,
			);
			path = "View Receipe Wteps";
			sourceTree = "<group>";
		};
		A065405F1D11626FAD79314C /* Frameworks */ = {
			isa = PBXGroup;
			children = (
				7BB8E48DE7D004522B21D097 /* Pods_Recipes_App.framework */,
				B0EE59355BE50B6DEAC58CB4 /* Pods_Recipes_AppTests.framework */,
			);
			name = Frameworks;
			sourceTree = "<group>";
		};
		B3B4222CEABD88E2245F3DC1 /* Pods */ = {
			isa = PBXGroup;
			children = (
				73CE83F547F4763803E81745 /* Pods-Recipes-App.debug.xcconfig */,
				0E5AFA38740E0314C51C91D6 /* Pods-Recipes-App.release.xcconfig */,
				033B3AAC19029AA91A6CF625 /* Pods-Recipes-AppTests.debug.xcconfig */,
				0F69D6467F02AF0EF59F0CEE /* Pods-Recipes-AppTests.release.xcconfig */,
			);
			path = Pods;
			sourceTree = "<group>";
		};
/* End PBXGroup section */

/* Begin PBXNativeTarget section */
		30F4469224F53C49008580C8 /* Recipes-App */ = {
			isa = PBXNativeTarget;
			buildConfigurationList = 30F446B524F53C4C008580C8 /* Build configuration list for PBXNativeTarget "Recipes-App" */;
			buildPhases = (
				FF7789AFA92B2C51828AB487 /* [CP] Check Pods Manifest.lock */,
				30F4468F24F53C49008580C8 /* Sources */,
				30F4469024F53C49008580C8 /* Frameworks */,
				30F4469124F53C49008580C8 /* Resources */,
				8F768F460106DA6AEF5EF2B1 /* [CP] Embed Pods Frameworks */,
			);
			buildRules = (
			);
			dependencies = (
			);
			name = "Recipes-App";
			productName = "Recipes-App";
			productReference = 30F4469324F53C49008580C8 /* Recipes-App.app */;
			productType = "com.apple.product-type.application";
		};
		30F446AB24F53C4C008580C8 /* Recipes-AppTests */ = {
			isa = PBXNativeTarget;
			buildConfigurationList = 30F446B824F53C4C008580C8 /* Build configuration list for PBXNativeTarget "Recipes-AppTests" */;
			buildPhases = (
				7B3F6F149DD280714E919E55 /* [CP] Check Pods Manifest.lock */,
				30F446A824F53C4C008580C8 /* Sources */,
				30F446A924F53C4C008580C8 /* Frameworks */,
				30F446AA24F53C4C008580C8 /* Resources */,
			);
			buildRules = (
			);
			dependencies = (
				30F446AE24F53C4C008580C8 /* PBXTargetDependency */,
			);
			name = "Recipes-AppTests";
			productName = "Recipes-AppTests";
			productReference = 30F446AC24F53C4C008580C8 /* Recipes-AppTests.xctest */;
			productType = "com.apple.product-type.bundle.unit-test";
		};
/* End PBXNativeTarget section */

/* Begin PBXProject section */
		30F4468B24F53C49008580C8 /* Project object */ = {
			isa = PBXProject;
			attributes = {
				LastSwiftUpdateCheck = 1150;
				LastUpgradeCheck = 1150;
				ORGANIZATIONNAME = quiz;
				TargetAttributes = {
					30F4469224F53C49008580C8 = {
						CreatedOnToolsVersion = 11.5;
					};
					30F446AB24F53C4C008580C8 = {
						CreatedOnToolsVersion = 11.5;
						TestTargetID = 30F4469224F53C49008580C8;
					};
				};
			};
			buildConfigurationList = 30F4468E24F53C49008580C8 /* Build configuration list for PBXProject "Recipes-App" */;
			compatibilityVersion = "Xcode 9.3";
			developmentRegion = en;
			hasScannedForEncodings = 0;
			knownRegions = (
				en,
				Base,
			);
			mainGroup = 30F4468A24F53C49008580C8;
			productRefGroup = 30F4469424F53C49008580C8 /* Products */;
			projectDirPath = "";
			projectRoot = "";
			targets = (
				30F4469224F53C49008580C8 /* Recipes-App */,
				30F446AB24F53C4C008580C8 /* Recipes-AppTests */,
			);
		};
/* End PBXProject section */

/* Begin PBXResourcesBuildPhase section */
		30F4469124F53C49008580C8 /* Resources */ = {
			isa = PBXResourcesBuildPhase;
			buildActionMask = 2147483647;
			files = (
				30F446A624F53C4C008580C8 /* LaunchScreen.storyboard in Resources */,
				30F446A324F53C4C008580C8 /* Assets.xcassets in Resources */,
				30F4469E24F53C49008580C8 /* Main.storyboard in Resources */,
			);
			runOnlyForDeploymentPostprocessing = 0;
		};
		30F446AA24F53C4C008580C8 /* Resources */ = {
			isa = PBXResourcesBuildPhase;
			buildActionMask = 2147483647;
			files = (
			);
			runOnlyForDeploymentPostprocessing = 0;
		};
/* End PBXResourcesBuildPhase section */

/* Begin PBXShellScriptBuildPhase section */
		7B3F6F149DD280714E919E55 /* [CP] Check Pods Manifest.lock */ = {
			isa = PBXShellScriptBuildPhase;
			buildActionMask = 2147483647;
			files = (
			);
			inputFileListPaths = (
			);
			inputPaths = (
				"${PODS_PODFILE_DIR_PATH}/Podfile.lock",
				"${PODS_ROOT}/Manifest.lock",
			);
			name = "[CP] Check Pods Manifest.lock";
			outputFileListPaths = (
			);
			outputPaths = (
				"$(DERIVED_FILE_DIR)/Pods-Recipes-AppTests-checkManifestLockResult.txt",
			);
			runOnlyForDeploymentPostprocessing = 0;
			shellPath = /bin/sh;
			shellScript = "diff \"${PODS_PODFILE_DIR_PATH}/Podfile.lock\" \"${PODS_ROOT}/Manifest.lock\" > /dev/null\nif [ $? != 0 ] ; then\n    # print error to STDERR\n    echo \"error: The sandbox is not in sync with the Podfile.lock. Run 'pod install' or update your CocoaPods installation.\" >&2\n    exit 1\nfi\n# This output is used by Xcode 'outputs' to avoid re-running this script phase.\necho \"SUCCESS\" > \"${SCRIPT_OUTPUT_FILE_0}\"\n";
			showEnvVarsInLog = 0;
		};
		8F768F460106DA6AEF5EF2B1 /* [CP] Embed Pods Frameworks */ = {
			isa = PBXShellScriptBuildPhase;
			buildActionMask = 2147483647;
			files = (
			);
			inputFileListPaths = (
				"${PODS_ROOT}/Target Support Files/Pods-Recipes-App/Pods-Recipes-App-frameworks-${CONFIGURATION}-input-files.xcfilelist",
			);
			name = "[CP] Embed Pods Frameworks";
			outputFileListPaths = (
				"${PODS_ROOT}/Target Support Files/Pods-Recipes-App/Pods-Recipes-App-frameworks-${CONFIGURATION}-output-files.xcfilelist",
			);
			runOnlyForDeploymentPostprocessing = 0;
			shellPath = /bin/sh;
			shellScript = "\"${PODS_ROOT}/Target Support Files/Pods-Recipes-App/Pods-Recipes-App-frameworks.sh\"\n";
			showEnvVarsInLog = 0;
		};
		FF7789AFA92B2C51828AB487 /* [CP] Check Pods Manifest.lock */ = {
			isa = PBXShellScriptBuildPhase;
			buildActionMask = 2147483647;
			files = (
			);
			inputFileListPaths = (
			);
			inputPaths = (
				"${PODS_PODFILE_DIR_PATH}/Podfile.lock",
				"${PODS_ROOT}/Manifest.lock",
			);
			name = "[CP] Check Pods Manifest.lock";
			outputFileListPaths = (
			);
			outputPaths = (
				"$(DERIVED_FILE_DIR)/Pods-Recipes-App-checkManifestLockResult.txt",
			);
			runOnlyForDeploymentPostprocessing = 0;
			shellPath = /bin/sh;
			shellScript = "diff \"${PODS_PODFILE_DIR_PATH}/Podfile.lock\" \"${PODS_ROOT}/Manifest.lock\" > /dev/null\nif [ $? != 0 ] ; then\n    # print error to STDERR\n    echo \"error: The sandbox is not in sync with the Podfile.lock. Run 'pod install' or update your CocoaPods installation.\" >&2\n    exit 1\nfi\n# This output is used by Xcode 'outputs' to avoid re-running this script phase.\necho \"SUCCESS\" > \"${SCRIPT_OUTPUT_FILE_0}\"\n";
			showEnvVarsInLog = 0;
		};
/* End PBXShellScriptBuildPhase section */

/* Begin PBXSourcesBuildPhase section */
		30F4468F24F53C49008580C8 /* Sources */ = {
			isa = PBXSourcesBuildPhase;
			buildActionMask = 2147483647;
			files = (
				307D6E6224FC9D1600DFF01E /* RecipesStepsViewController.swift in Sources */,
				304E79E3250332740080D740 /* RecipeTitleTableViewCell.swift in Sources */,
				302CA3812511CF58001A79E7 /* ViewReceitt.swift in Sources */,
				3039114D24F6170900BD6453 /* TextInputTableViewCell.swift in Sources */,
				30F4469B24F53C49008580C8 /* ViewController.swift in Sources */,
				307D2ECF2530BFD100C29262 /* viewReceipeStepsViewController.swift in Sources */,
				30F4469724F53C49008580C8 /* AppDelegate.swift in Sources */,
				302CA3832511CFB1001A79E7 /* AllStepsTableViewCell.swift in Sources */,
				30F4469924F53C49008580C8 /* SceneDelegate.swift in Sources */,
				30F446A124F53C49008580C8 /* Recipes_App.xcdatamodeld in Sources */,
			);
			runOnlyForDeploymentPostprocessing = 0;
		};
		30F446A824F53C4C008580C8 /* Sources */ = {
			isa = PBXSourcesBuildPhase;
			buildActionMask = 2147483647;
			files = (
				30F446B124F53C4C008580C8 /* Recipes_AppTests.swift in Sources */,
			);
			runOnlyForDeploymentPostprocessing = 0;
		};
/* End PBXSourcesBuildPhase section */

/* Begin PBXTargetDependency section */
		30F446AE24F53C4C008580C8 /* PBXTargetDependency */ = {
			isa = PBXTargetDependency;
			target = 30F4469224F53C49008580C8 /* Recipes-App */;
			targetProxy = 30F446AD24F53C4C008580C8 /* PBXContainerItemProxy */;
		};
/* End PBXTargetDependency section */

/* Begin PBXVariantGroup section */
		30F4469C24F53C49008580C8 /* Main.storyboard */ = {
			isa = PBXVariantGroup;
			children = (
				30F4469D24F53C49008580C8 /* Base */,
			);
			name = Main.storyboard;
			sourceTree = "<group>";
		};
		30F446A424F53C4C008580C8 /* LaunchScreen.storyboard */ = {
			isa = PBXVariantGroup;
			children = (
				30F446A524F53C4C008580C8 /* Base */,
			);
			name = LaunchScreen.storyboard;
			sourceTree = "<group>";
		};
/* End PBXVariantGroup section */

/* Begin XCBuildConfiguration section */
		30F446B324F53C4C008580C8 /* Debug */ = {
			isa = XCBuildConfiguration;
			buildSettings = {
				ALWAYS_SEARCH_USER_PATHS = NO;
				CLANG_ANALYZER_NONNULL = YES;
				CLANG_ANALYZER_NUMBER_OBJECT_CONVERSION = YES_AGGRESSIVE;
				CLANG_CXX_LANGUAGE_STANDARD = "gnu++14";
				CLANG_CXX_LIBRARY = "libc++";
				CLANG_ENABLE_MODULES = YES;
				CLANG_ENABLE_OBJC_ARC = YES;
				CLANG_ENABLE_OBJC_WEAK = YES;
				CLANG_WARN_BLOCK_CAPTURE_AUTORELEASING = YES;
				CLANG_WARN_BOOL_CONVERSION = YES;
				CLANG_WARN_COMMA = YES;
				CLANG_WARN_CONSTANT_CONVERSION = YES;
				CLANG_WARN_DEPRECATED_OBJC_IMPLEMENTATIONS = YES;
				CLANG_WARN_DIRECT_OBJC_ISA_USAGE = YES_ERROR;
				CLANG_WARN_DOCUMENTATION_COMMENTS = YES;
				CLANG_WARN_EMPTY_BODY = YES;
				CLANG_WARN_ENUM_CONVERSION = YES;
				CLANG_WARN_INFINITE_RECURSION = YES;
				CLANG_WARN_INT_CONVERSION = YES;
				CLANG_WARN_NON_LITERAL_NULL_CONVERSION = YES;
				CLANG_WARN_OBJC_IMPLICIT_RETAIN_SELF = YES;
				CLANG_WARN_OBJC_LITERAL_CONVERSION = YES;
				CLANG_WARN_OBJC_ROOT_CLASS = YES_ERROR;
				CLANG_WARN_RANGE_LOOP_ANALYSIS = YES;
				CLANG_WARN_STRICT_PROTOTYPES = YES;
				CLANG_WARN_SUSPICIOUS_MOVE = YES;
				CLANG_WARN_UNGUARDED_AVAILABILITY = YES_AGGRESSIVE;
				CLANG_WARN_UNREACHABLE_CODE = YES;
				CLANG_WARN__DUPLICATE_METHOD_MATCH = YES;
				COPY_PHASE_STRIP = NO;
				DEBUG_INFORMATION_FORMAT = dwarf;
				ENABLE_STRICT_OBJC_MSGSEND = YES;
				ENABLE_TESTABILITY = YES;
				GCC_C_LANGUAGE_STANDARD = gnu11;
				GCC_DYNAMIC_NO_PIC = NO;
				GCC_NO_COMMON_BLOCKS = YES;
				GCC_OPTIMIZATION_LEVEL = 0;
				GCC_PREPROCESSOR_DEFINITIONS = (
					"DEBUG=1",
					"$(inherited)",
				);
				GCC_WARN_64_TO_32_BIT_CONVERSION = YES;
				GCC_WARN_ABOUT_RETURN_TYPE = YES_ERROR;
				GCC_WARN_UNDECLARED_SELECTOR = YES;
				GCC_WARN_UNINITIALIZED_AUTOS = YES_AGGRESSIVE;
				GCC_WARN_UNUSED_FUNCTION = YES;
				GCC_WARN_UNUSED_VARIABLE = YES;
				IPHONEOS_DEPLOYMENT_TARGET = 13.5;
				MTL_ENABLE_DEBUG_INFO = INCLUDE_SOURCE;
				MTL_FAST_MATH = YES;
				ONLY_ACTIVE_ARCH = YES;
				SDKROOT = iphoneos;
				SWIFT_ACTIVE_COMPILATION_CONDITIONS = DEBUG;
				SWIFT_OPTIMIZATION_LEVEL = "-Onone";
			};
			name = Debug;
		};
		30F446B424F53C4C008580C8 /* Release */ = {
			isa = XCBuildConfiguration;
			buildSettings = {
				ALWAYS_SEARCH_USER_PATHS = NO;
				CLANG_ANALYZER_NONNULL = YES;
				CLANG_ANALYZER_NUMBER_OBJECT_CONVERSION = YES_AGGRESSIVE;
				CLANG_CXX_LANGUAGE_STANDARD = "gnu++14";
				CLANG_CXX_LIBRARY = "libc++";
				CLANG_ENABLE_MODULES = YES;
				CLANG_ENABLE_OBJC_ARC = YES;
				CLANG_ENABLE_OBJC_WEAK = YES;
				CLANG_WARN_BLOCK_CAPTURE_AUTORELEASING = YES;
				CLANG_WARN_BOOL_CONVERSION = YES;
				CLANG_WARN_COMMA = YES;
				CLANG_WARN_CONSTANT_CONVERSION = YES;
				CLANG_WARN_DEPRECATED_OBJC_IMPLEMENTATIONS = YES;
				CLANG_WARN_DIRECT_OBJC_ISA_USAGE = YES_ERROR;
				CLANG_WARN_DOCUMENTATION_COMMENTS = YES;
				CLANG_WARN_EMPTY_BODY = YES;
				CLANG_WARN_ENUM_CONVERSION = YES;
				CLANG_WARN_INFINITE_RECURSION = YES;
				CLANG_WARN_INT_CONVERSION = YES;
				CLANG_WARN_NON_LITERAL_NULL_CONVERSION = YES;
				CLANG_WARN_OBJC_IMPLICIT_RETAIN_SELF = YES;
				CLANG_WARN_OBJC_LITERAL_CONVERSION = YES;
				CLANG_WARN_OBJC_ROOT_CLASS = YES_ERROR;
				CLANG_WARN_RANGE_LOOP_ANALYSIS = YES;
				CLANG_WARN_STRICT_PROTOTYPES = YES;
				CLANG_WARN_SUSPICIOUS_MOVE = YES;
				CLANG_WARN_UNGUARDED_AVAILABILITY = YES_AGGRESSIVE;
				CLANG_WARN_UNREACHABLE_CODE = YES;
				CLANG_WARN__DUPLICATE_METHOD_MATCH = YES;
				COPY_PHASE_STRIP = NO;
				DEBUG_INFORMATION_FORMAT = "dwarf-with-dsym";
				ENABLE_NS_ASSERTIONS = NO;
				ENABLE_STRICT_OBJC_MSGSEND = YES;
				GCC_C_LANGUAGE_STANDARD = gnu11;
				GCC_NO_COMMON_BLOCKS = YES;
				GCC_WARN_64_TO_32_BIT_CONVERSION = YES;
				GCC_WARN_ABOUT_RETURN_TYPE = YES_ERROR;
				GCC_WARN_UNDECLARED_SELECTOR = YES;
				GCC_WARN_UNINITIALIZED_AUTOS = YES_AGGRESSIVE;
				GCC_WARN_UNUSED_FUNCTION = YES;
				GCC_WARN_UNUSED_VARIABLE = YES;
				IPHONEOS_DEPLOYMENT_TARGET = 13.5;
				MTL_ENABLE_DEBUG_INFO = NO;
				MTL_FAST_MATH = YES;
				SDKROOT = iphoneos;
				SWIFT_COMPILATION_MODE = wholemodule;
				SWIFT_OPTIMIZATION_LEVEL = "-O";
				VALIDATE_PRODUCT = YES;
			};
			name = Release;
		};
		30F446B624F53C4C008580C8 /* Debug */ = {
			isa = XCBuildConfiguration;
			baseConfigurationReference = 73CE83F547F4763803E81745 /* Pods-Recipes-App.debug.xcconfig */;
			buildSettings = {
				ASSETCATALOG_COMPILER_APPICON_NAME = AppIcon;
				CODE_SIGN_STYLE = Automatic;
				DEVELOPMENT_TEAM = 9567ZRLUY2;
				INFOPLIST_FILE = "Recipes-App/Info.plist";
				IPHONEOS_DEPLOYMENT_TARGET = 13.0;
				LD_RUNPATH_SEARCH_PATHS = (
					"$(inherited)",
					"@executable_path/Frameworks",
				);
				PRODUCT_BUNDLE_IDENTIFIER = "com.grequiz.projects.Recipes-App";
				PRODUCT_NAME = "$(TARGET_NAME)";
				SWIFT_VERSION = 5.0;
				TARGETED_DEVICE_FAMILY = "1,2";
			};
			name = Debug;
		};
		30F446B724F53C4C008580C8 /* Release */ = {
			isa = XCBuildConfiguration;
			baseConfigurationReference = 0E5AFA38740E0314C51C91D6 /* Pods-Recipes-App.release.xcconfig */;
			buildSettings = {
				ASSETCATALOG_COMPILER_APPICON_NAME = AppIcon;
				CODE_SIGN_STYLE = Automatic;
				DEVELOPMENT_TEAM = 9567ZRLUY2;
				INFOPLIST_FILE = "Recipes-App/Info.plist";
				IPHONEOS_DEPLOYMENT_TARGET = 13.0;
				LD_RUNPATH_SEARCH_PATHS = (
					"$(inherited)",
					"@executable_path/Frameworks",
				);
				PRODUCT_BUNDLE_IDENTIFIER = "com.grequiz.projects.Recipes-App";
				PRODUCT_NAME = "$(TARGET_NAME)";
				SWIFT_VERSION = 5.0;
				TARGETED_DEVICE_FAMILY = "1,2";
			};
			name = Release;
		};
		30F446B924F53C4C008580C8 /* Debug */ = {
			isa = XCBuildConfiguration;
			baseConfigurationReference = 033B3AAC19029AA91A6CF625 /* Pods-Recipes-AppTests.debug.xcconfig */;
			buildSettings = {
				ALWAYS_EMBED_SWIFT_STANDARD_LIBRARIES = YES;
				BUNDLE_LOADER = "$(TEST_HOST)";
				CODE_SIGN_STYLE = Automatic;
				DEVELOPMENT_TEAM = 9567ZRLUY2;
				INFOPLIST_FILE = "Recipes-AppTests/Info.plist";
				IPHONEOS_DEPLOYMENT_TARGET = 13.5;
				LD_RUNPATH_SEARCH_PATHS = (
					"$(inherited)",
					"@executable_path/Frameworks",
					"@loader_path/Frameworks",
				);
				PRODUCT_BUNDLE_IDENTIFIER = "com.grequiz.projects.Recipes-AppTests";
				PRODUCT_NAME = "$(TARGET_NAME)";
				SWIFT_VERSION = 5.0;
				TARGETED_DEVICE_FAMILY = "1,2";
				TEST_HOST = "$(BUILT_PRODUCTS_DIR)/Recipes-App.app/Recipes-App";
			};
			name = Debug;
		};
		30F446BA24F53C4C008580C8 /* Release */ = {
			isa = XCBuildConfiguration;
			baseConfigurationReference = 0F69D6467F02AF0EF59F0CEE /* Pods-Recipes-AppTests.release.xcconfig */;
			buildSettings = {
				ALWAYS_EMBED_SWIFT_STANDARD_LIBRARIES = YES;
				BUNDLE_LOADER = "$(TEST_HOST)";
				CODE_SIGN_STYLE = Automatic;
				DEVELOPMENT_TEAM = 9567ZRLUY2;
				INFOPLIST_FILE = "Recipes-AppTests/Info.plist";
				IPHONEOS_DEPLOYMENT_TARGET = 13.5;
				LD_RUNPATH_SEARCH_PATHS = (
					"$(inherited)",
					"@executable_path/Frameworks",
					"@loader_path/Frameworks",
				);
				PRODUCT_BUNDLE_IDENTIFIER = "com.grequiz.projects.Recipes-AppTests";
				PRODUCT_NAME = "$(TARGET_NAME)";
				SWIFT_VERSION = 5.0;
				TARGETED_DEVICE_FAMILY = "1,2";
				TEST_HOST = "$(BUILT_PRODUCTS_DIR)/Recipes-App.app/Recipes-App";
			};
			name = Release;
		};
/* End XCBuildConfiguration section */

/* Begin XCConfigurationList section */
		30F4468E24F53C49008580C8 /* Build configuration list for PBXProject "Recipes-App" */ = {
			isa = XCConfigurationList;
			buildConfigurations = (
				30F446B324F53C4C008580C8 /* Debug */,
				30F446B424F53C4C008580C8 /* Release */,
			);
			defaultConfigurationIsVisible = 0;
			defaultConfigurationName = Release;
		};
		30F446B524F53C4C008580C8 /* Build configuration list for PBXNativeTarget "Recipes-App" */ = {
			isa = XCConfigurationList;
			buildConfigurations = (
				30F446B624F53C4C008580C8 /* Debug */,
				30F446B724F53C4C008580C8 /* Release */,
			);
			defaultConfigurationIsVisible = 0;
			defaultConfigurationName = Release;
		};
		30F446B824F53C4C008580C8 /* Build configuration list for PBXNativeTarget "Recipes-AppTests" */ = {
			isa = XCConfigurationList;
			buildConfigurations = (
				30F446B924F53C4C008580C8 /* Debug */,
				30F446BA24F53C4C008580C8 /* Release */,
			);
			defaultConfigurationIsVisible = 0;
			defaultConfigurationName = Release;
		};
/* End XCConfigurationList section */

/* Begin XCVersionGroup section */
		30F4469F24F53C49008580C8 /* Recipes_App.xcdatamodeld */ = {
			isa = XCVersionGroup;
			children = (
				30F446A024F53C49008580C8 /* Recipes_App.xcdatamodel */,
			);
			currentVersion = 30F446A024F53C49008580C8 /* Recipes_App.xcdatamodel */;
			path = Recipes_App.xcdatamodeld;
			sourceTree = "<group>";
			versionGroupType = wrapper.xcdatamodel;
		};
/* End XCVersionGroup section */
	};
	rootObject = 30F4468B24F53C49008580C8 /* Project object */;
}
